// !$*UTF8*$!
{
	archiveVersion = 1;
	classes = {
	};
	objectVersion = 50;
	objects = {

/* Begin PBXBuildFile section */
		2D281596383C0125BBCE4B10 /* Pods_Exchanger.framework in Frameworks */ = {isa = PBXBuildFile; fileRef = 05D01CDFF5FB1703FBA3AF9B /* Pods_Exchanger.framework */; };
		3AA8B22C22C141E2004929CC /* AppDelegate.swift in Sources */ = {isa = PBXBuildFile; fileRef = 3AA8B22B22C141E2004929CC /* AppDelegate.swift */; };
		3AA8B23122C141E2004929CC /* Main.storyboard in Resources */ = {isa = PBXBuildFile; fileRef = 3AA8B22F22C141E2004929CC /* Main.storyboard */; };
		3AA8B23322C141E4004929CC /* Assets.xcassets in Resources */ = {isa = PBXBuildFile; fileRef = 3AA8B23222C141E4004929CC /* Assets.xcassets */; };
		3AA8B23622C141E4004929CC /* LaunchScreen.storyboard in Resources */ = {isa = PBXBuildFile; fileRef = 3AA8B23422C141E4004929CC /* LaunchScreen.storyboard */; };
		3AA8B23E22C14358004929CC /* Database.swift in Sources */ = {isa = PBXBuildFile; fileRef = 3AA8B23D22C14358004929CC /* Database.swift */; };
		3AA8B24022C144DB004929CC /* Home.swift in Sources */ = {isa = PBXBuildFile; fileRef = 3AA8B23F22C144DB004929CC /* Home.swift */; };
		3AA8B24222C14B4C004929CC /* AddNew.swift in Sources */ = {isa = PBXBuildFile; fileRef = 3AA8B24122C14B4C004929CC /* AddNew.swift */; };
/* End PBXBuildFile section */

/* Begin PBXFileReference section */
		05D01CDFF5FB1703FBA3AF9B /* Pods_Exchanger.framework */ = {isa = PBXFileReference; explicitFileType = wrapper.framework; includeInIndex = 0; path = Pods_Exchanger.framework; sourceTree = BUILT_PRODUCTS_DIR; };
		3AA8B22822C141E2004929CC /* Exchanger.app */ = {isa = PBXFileReference; explicitFileType = wrapper.application; includeInIndex = 0; path = Exchanger.app; sourceTree = BUILT_PRODUCTS_DIR; };
		3AA8B22B22C141E2004929CC /* AppDelegate.swift */ = {isa = PBXFileReference; lastKnownFileType = sourcecode.swift; path = AppDelegate.swift; sourceTree = "<group>"; };
		3AA8B23022C141E2004929CC /* Base */ = {isa = PBXFileReference; lastKnownFileType = file.storyboard; name = Base; path = Base.lproj/Main.storyboard; sourceTree = "<group>"; };
		3AA8B23222C141E4004929CC /* Assets.xcassets */ = {isa = PBXFileReference; lastKnownFileType = folder.assetcatalog; path = Assets.xcassets; sourceTree = "<group>"; };
		3AA8B23522C141E4004929CC /* Base */ = {isa = PBXFileReference; lastKnownFileType = file.storyboard; name = Base; path = Base.lproj/LaunchScreen.storyboard; sourceTree = "<group>"; };
		3AA8B23722C141E4004929CC /* Info.plist */ = {isa = PBXFileReference; lastKnownFileType = text.plist.xml; path = Info.plist; sourceTree = "<group>"; };
		3AA8B23D22C14358004929CC /* Database.swift */ = {isa = PBXFileReference; lastKnownFileType = sourcecode.swift; path = Database.swift; sourceTree = "<group>"; };
		3AA8B23F22C144DB004929CC /* Home.swift */ = {isa = PBXFileReference; lastKnownFileType = sourcecode.swift; path = Home.swift; sourceTree = "<group>"; };
		3AA8B24122C14B4C004929CC /* AddNew.swift */ = {isa = PBXFileReference; lastKnownFileType = sourcecode.swift; path = AddNew.swift; sourceTree = "<group>"; };
		8DE2042747F5A755A6A97540 /* Pods-Exchanger.debug.xcconfig */ = {isa = PBXFileReference; includeInIndex = 1; lastKnownFileType = text.xcconfig; name = "Pods-Exchanger.debug.xcconfig"; path = "Target Support Files/Pods-Exchanger/Pods-Exchanger.debug.xcconfig"; sourceTree = "<group>"; };
		BF53F4CD52D33510ADB6B500 /* Pods-Exchanger.release.xcconfig */ = {isa = PBXFileReference; includeInIndex = 1; lastKnownFileType = text.xcconfig; name = "Pods-Exchanger.release.xcconfig"; path = "Target Support Files/Pods-Exchanger/Pods-Exchanger.release.xcconfig"; sourceTree = "<group>"; };
/* End PBXFileReference section */

/* Begin PBXFrameworksBuildPhase section */
		3AA8B22522C141E2004929CC /* Frameworks */ = {
			isa = PBXFrameworksBuildPhase;
			buildActionMask = 2147483647;
			files = (
				2D281596383C0125BBCE4B10 /* Pods_Exchanger.framework in Frameworks */,
			);
			runOnlyForDeploymentPostprocessing = 0;
		};
/* End PBXFrameworksBuildPhase section */

/* Begin PBXGroup section */
		3AA8B21F22C141E2004929CC = {
			isa = PBXGroup;
			children = (
				3AA8B22A22C141E2004929CC /* Exchanger */,
				3AA8B22922C141E2004929CC /* Products */,
				634995302509E45BDA7AD16F /* Pods */,
				8E051C7F6329200E4B8594C1 /* Frameworks */,
			);
			sourceTree = "<group>";
		};
		3AA8B22922C141E2004929CC /* Products */ = {
			isa = PBXGroup;
			children = (
				3AA8B22822C141E2004929CC /* Exchanger.app */,
			);
			name = Products;
			sourceTree = "<group>";
		};
		3AA8B22A22C141E2004929CC /* Exchanger */ = {
			isa = PBXGroup;
			children = (
				3AA8B24322C18A7B004929CC /* Supporting files */,
				3AA8B22F22C141E2004929CC /* Main.storyboard */,
				3AA8B23D22C14358004929CC /* Database.swift */,
				3AA8B23F22C144DB004929CC /* Home.swift */,
				3AA8B24122C14B4C004929CC /* AddNew.swift */,
			);
			path = Exchanger;
			sourceTree = "<group>";
		};
		3AA8B24322C18A7B004929CC /* Supporting files */ = {
			isa = PBXGroup;
			children = (
				3AA8B22B22C141E2004929CC /* AppDelegate.swift */,
				3AA8B23222C141E4004929CC /* Assets.xcassets */,
				3AA8B23422C141E4004929CC /* LaunchScreen.storyboard */,
				3AA8B23722C141E4004929CC /* Info.plist */,
			);
			path = "Supporting files";
			sourceTree = "<group>";
		};
		634995302509E45BDA7AD16F /* Pods */ = {
			isa = PBXGroup;
			children = (
				8DE2042747F5A755A6A97540 /* Pods-Exchanger.debug.xcconfig */,
				BF53F4CD52D33510ADB6B500 /* Pods-Exchanger.release.xcconfig */,
			);
			path = Pods;
			sourceTree = "<group>";
		};
		8E051C7F6329200E4B8594C1 /* Frameworks */ = {
			isa = PBXGroup;
			children = (
				05D01CDFF5FB1703FBA3AF9B /* Pods_Exchanger.framework */,
			);
			name = Frameworks;
			sourceTree = "<group>";
		};
/* End PBXGroup section */

/* Begin PBXNativeTarget section */
		3AA8B22722C141E2004929CC /* Exchanger */ = {
			isa = PBXNativeTarget;
			buildConfigurationList = 3AA8B23A22C141E4004929CC /* Build configuration list for PBXNativeTarget "Exchanger" */;
			buildPhases = (
				152017CF788FBFD96BD281E0 /* [CP] Check Pods Manifest.lock */,
				3AA8B22422C141E2004929CC /* Sources */,
				3AA8B22522C141E2004929CC /* Frameworks */,
				3AA8B22622C141E2004929CC /* Resources */,
				F185AAB0B543B88579E11D90 /* [CP] Embed Pods Frameworks */,
			);
			buildRules = (
			);
			dependencies = (
			);
			name = Exchanger;
			productName = Exchanger;
			productReference = 3AA8B22822C141E2004929CC /* Exchanger.app */;
			productType = "com.apple.product-type.application";
		};
/* End PBXNativeTarget section */

/* Begin PBXProject section */
		3AA8B22022C141E2004929CC /* Project object */ = {
			isa = PBXProject;
			attributes = {
				LastSwiftUpdateCheck = 1020;
				LastUpgradeCheck = 1020;
				ORGANIZATIONNAME = YAD.agency;
				TargetAttributes = {
					3AA8B22722C141E2004929CC = {
						CreatedOnToolsVersion = 10.2.1;
					};
				};
			};
			buildConfigurationList = 3AA8B22322C141E2004929CC /* Build configuration list for PBXProject "Exchanger" */;
			compatibilityVersion = "Xcode 9.3";
			developmentRegion = en;
			hasScannedForEncodings = 0;
			knownRegions = (
				en,
				Base,
			);
			mainGroup = 3AA8B21F22C141E2004929CC;
			productRefGroup = 3AA8B22922C141E2004929CC /* Products */;
			projectDirPath = "";
			projectRoot = "";
			targets = (
				3AA8B22722C141E2004929CC /* Exchanger */,
			);
		};
/* End PBXProject section */

/* Begin PBXResourcesBuildPhase section */
		3AA8B22622C141E2004929CC /* Resources */ = {
			isa = PBXResourcesBuildPhase;
			buildActionMask = 2147483647;
			files = (
				3AA8B23622C141E4004929CC /* LaunchScreen.storyboard in Resources */,
				3AA8B23322C141E4004929CC /* Assets.xcassets in Resources */,
				3AA8B23122C141E2004929CC /* Main.storyboard in Resources */,
			);
			runOnlyForDeploymentPostprocessing = 0;
		};
/* End PBXResourcesBuildPhase section */

/* Begin PBXShellScriptBuildPhase section */
		152017CF788FBFD96BD281E0 /* [CP] Check Pods Manifest.lock */ = {
			isa = PBXShellScriptBuildPhase;
			buildActionMask = 2147483647;
			files = (
			);
			inputFileListPaths = (
			);
			inputPaths = (
				"${PODS_PODFILE_DIR_PATH}/Podfile.lock",
				"${PODS_ROOT}/Manifest.lock",
			);
			name = "[CP] Check Pods Manifest.lock";
			outputFileListPaths = (
			);
			outputPaths = (
				"$(DERIVED_FILE_DIR)/Pods-Exchanger-checkManifestLockResult.txt",
			);
			runOnlyForDeploymentPostprocessing = 0;
			shellPath = /bin/sh;
			shellScript = "diff \"${PODS_PODFILE_DIR_PATH}/Podfile.lock\" \"${PODS_ROOT}/Manifest.lock\" > /dev/null\nif [ $? != 0 ] ; then\n    # print error to STDERR\n    echo \"error: The sandbox is not in sync with the Podfile.lock. Run 'pod install' or update your CocoaPods installation.\" >&2\n    exit 1\nfi\n# This output is used by Xcode 'outputs' to avoid re-running this script phase.\necho \"SUCCESS\" > \"${SCRIPT_OUTPUT_FILE_0}\"\n";
			showEnvVarsInLog = 0;
		};
		F185AAB0B543B88579E11D90 /* [CP] Embed Pods Frameworks */ = {
			isa = PBXShellScriptBuildPhase;
			buildActionMask = 2147483647;
			files = (
			);
			inputFileListPaths = (
			);
			inputPaths = (
				"${PODS_ROOT}/Target Support Files/Pods-Exchanger/Pods-Exchanger-frameworks.sh",
				"${BUILT_PRODUCTS_DIR}/Alamofire/Alamofire.framework",
				"${BUILT_PRODUCTS_DIR}/MarqueeLabel/MarqueeLabel.framework",
				"${BUILT_PRODUCTS_DIR}/NotificationBannerSwift/NotificationBannerSwift.framework",
				"${BUILT_PRODUCTS_DIR}/Realm/Realm.framework",
				"${BUILT_PRODUCTS_DIR}/RealmSwift/RealmSwift.framework",
				"${BUILT_PRODUCTS_DIR}/SnapKit/SnapKit.framework",
				"${BUILT_PRODUCTS_DIR}/SwiftyJSON/SwiftyJSON.framework",
			);
			name = "[CP] Embed Pods Frameworks";
			outputFileListPaths = (
			);
			outputPaths = (
				"${TARGET_BUILD_DIR}/${FRAMEWORKS_FOLDER_PATH}/Alamofire.framework",
				"${TARGET_BUILD_DIR}/${FRAMEWORKS_FOLDER_PATH}/MarqueeLabel.framework",
				"${TARGET_BUILD_DIR}/${FRAMEWORKS_FOLDER_PATH}/NotificationBannerSwift.framework",
				"${TARGET_BUILD_DIR}/${FRAMEWORKS_FOLDER_PATH}/Realm.framework",
				"${TARGET_BUILD_DIR}/${FRAMEWORKS_FOLDER_PATH}/RealmSwift.framework",
				"${TARGET_BUILD_DIR}/${FRAMEWORKS_FOLDER_PATH}/SnapKit.framework",
				"${TARGET_BUILD_DIR}/${FRAMEWORKS_FOLDER_PATH}/SwiftyJSON.framework",
			);
			runOnlyForDeploymentPostprocessing = 0;
			shellPath = /bin/sh;
			shellScript = "\"${PODS_ROOT}/Target Support Files/Pods-Exchanger/Pods-Exchanger-frameworks.sh\"\n";
			showEnvVarsInLog = 0;
		};
/* End PBXShellScriptBuildPhase section */

/* Begin PBXSourcesBuildPhase section */
		3AA8B22422C141E2004929CC /* Sources */ = {
			isa = PBXSourcesBuildPhase;
			buildActionMask = 2147483647;
			files = (
				3AA8B23E22C14358004929CC /* Database.swift in Sources */,
				3AA8B24022C144DB004929CC /* Home.swift in Sources */,
				3AA8B24222C14B4C004929CC /* AddNew.swift in Sources */,
				3AA8B22C22C141E2004929CC /* AppDelegate.swift in Sources */,
			);
			runOnlyForDeploymentPostprocessing = 0;
		};
/* End PBXSourcesBuildPhase section */

/* Begin PBXVariantGroup section */
		3AA8B22F22C141E2004929CC /* Main.storyboard */ = {
			isa = PBXVariantGroup;
			children = (
				3AA8B23022C141E2004929CC /* Base */,
			);
			name = Main.storyboard;
			sourceTree = "<group>";
		};
		3AA8B23422C141E4004929CC /* LaunchScreen.storyboard */ = {
			isa = PBXVariantGroup;
			children = (
				3AA8B23522C141E4004929CC /* Base */,
			);
			name = LaunchScreen.storyboard;
			sourceTree = "<group>";
		};
/* End PBXVariantGroup section */

/* Begin XCBuildConfiguration section */
		3AA8B23822C141E4004929CC /* Debug */ = {
			isa = XCBuildConfiguration;
			buildSettings = {
				ALWAYS_SEARCH_USER_PATHS = NO;
				CLANG_ANALYZER_NONNULL = YES;
				CLANG_ANALYZER_NUMBER_OBJECT_CONVERSION = YES_AGGRESSIVE;
				CLANG_CXX_LANGUAGE_STANDARD = "gnu++14";
				CLANG_CXX_LIBRARY = "libc++";
				CLANG_ENABLE_MODULES = YES;
				CLANG_ENABLE_OBJC_ARC = YES;
				CLANG_ENABLE_OBJC_WEAK = YES;
				CLANG_WARN_BLOCK_CAPTURE_AUTORELEASING = YES;
				CLANG_WARN_BOOL_CONVERSION = YES;
				CLANG_WARN_COMMA = YES;
				CLANG_WARN_CONSTANT_CONVERSION = YES;
				CLANG_WARN_DEPRECATED_OBJC_IMPLEMENTATIONS = YES;
				CLANG_WARN_DIRECT_OBJC_ISA_USAGE = YES_ERROR;
				CLANG_WARN_DOCUMENTATION_COMMENTS = YES;
				CLANG_WARN_EMPTY_BODY = YES;
				CLANG_WARN_ENUM_CONVERSION = YES;
				CLANG_WARN_INFINITE_RECURSION = YES;
				CLANG_WARN_INT_CONVERSION = YES;
				CLANG_WARN_NON_LITERAL_NULL_CONVERSION = YES;
				CLANG_WARN_OBJC_IMPLICIT_RETAIN_SELF = YES;
				CLANG_WARN_OBJC_LITERAL_CONVERSION = YES;
				CLANG_WARN_OBJC_ROOT_CLASS = YES_ERROR;
				CLANG_WARN_RANGE_LOOP_ANALYSIS = YES;
				CLANG_WARN_STRICT_PROTOTYPES = YES;
				CLANG_WARN_SUSPICIOUS_MOVE = YES;
				CLANG_WARN_UNGUARDED_AVAILABILITY = YES_AGGRESSIVE;
				CLANG_WARN_UNREACHABLE_CODE = YES;
				CLANG_WARN__DUPLICATE_METHOD_MATCH = YES;
				CODE_SIGN_IDENTITY = "iPhone Developer";
				COPY_PHASE_STRIP = NO;
				DEBUG_INFORMATION_FORMAT = dwarf;
				ENABLE_STRICT_OBJC_MSGSEND = YES;
				ENABLE_TESTABILITY = YES;
				GCC_C_LANGUAGE_STANDARD = gnu11;
				GCC_DYNAMIC_NO_PIC = NO;
				GCC_NO_COMMON_BLOCKS = YES;
				GCC_OPTIMIZATION_LEVEL = 0;
				GCC_PREPROCESSOR_DEFINITIONS = (
					"DEBUG=1",
					"$(inherited)",
				);
				GCC_WARN_64_TO_32_BIT_CONVERSION = YES;
				GCC_WARN_ABOUT_RETURN_TYPE = YES_ERROR;
				GCC_WARN_UNDECLARED_SELECTOR = YES;
				GCC_WARN_UNINITIALIZED_AUTOS = YES_AGGRESSIVE;
				GCC_WARN_UNUSED_FUNCTION = YES;
				GCC_WARN_UNUSED_VARIABLE = YES;
				IPHONEOS_DEPLOYMENT_TARGET = 12.2;
				MTL_ENABLE_DEBUG_INFO = INCLUDE_SOURCE;
				MTL_FAST_MATH = YES;
				ONLY_ACTIVE_ARCH = YES;
				SDKROOT = iphoneos;
				SWIFT_ACTIVE_COMPILATION_CONDITIONS = DEBUG;
				SWIFT_OPTIMIZATION_LEVEL = "-Onone";
			};
			name = Debug;
		};
		3AA8B23922C141E4004929CC /* Release */ = {
			isa = XCBuildConfiguration;
			buildSettings = {
				ALWAYS_SEARCH_USER_PATHS = NO;
				CLANG_ANALYZER_NONNULL = YES;
				CLANG_ANALYZER_NUMBER_OBJECT_CONVERSION = YES_AGGRESSIVE;
				CLANG_CXX_LANGUAGE_STANDARD = "gnu++14";
				CLANG_CXX_LIBRARY = "libc++";
				CLANG_ENABLE_MODULES = YES;
				CLANG_ENABLE_OBJC_ARC = YES;
				CLANG_ENABLE_OBJC_WEAK = YES;
				CLANG_WARN_BLOCK_CAPTURE_AUTORELEASING = YES;
				CLANG_WARN_BOOL_CONVERSION = YES;
				CLANG_WARN_COMMA = YES;
				CLANG_WARN_CONSTANT_CONVERSION = YES;
				CLANG_WARN_DEPRECATED_OBJC_IMPLEMENTATIONS = YES;
				CLANG_WARN_DIRECT_OBJC_ISA_USAGE = YES_ERROR;
				CLANG_WARN_DOCUMENTATION_COMMENTS = YES;
				CLANG_WARN_EMPTY_BODY = YES;
				CLANG_WARN_ENUM_CONVERSION = YES;
				CLANG_WARN_INFINITE_RECURSION = YES;
				CLANG_WARN_INT_CONVERSION = YES;
				CLANG_WARN_NON_LITERAL_NULL_CONVERSION = YES;
				CLANG_WARN_OBJC_IMPLICIT_RETAIN_SELF = YES;
				CLANG_WARN_OBJC_LITERAL_CONVERSION = YES;
				CLANG_WARN_OBJC_ROOT_CLASS = YES_ERROR;
				CLANG_WARN_RANGE_LOOP_ANALYSIS = YES;
				CLANG_WARN_STRICT_PROTOTYPES = YES;
				CLANG_WARN_SUSPICIOUS_MOVE = YES;
				CLANG_WARN_UNGUARDED_AVAILABILITY = YES_AGGRESSIVE;
				CLANG_WARN_UNREACHABLE_CODE = YES;
				CLANG_WARN__DUPLICATE_METHOD_MATCH = YES;
				CODE_SIGN_IDENTITY = "iPhone Developer";
				COPY_PHASE_STRIP = NO;
				DEBUG_INFORMATION_FORMAT = "dwarf-with-dsym";
				ENABLE_NS_ASSERTIONS = NO;
				ENABLE_STRICT_OBJC_MSGSEND = YES;
				GCC_C_LANGUAGE_STANDARD = gnu11;
				GCC_NO_COMMON_BLOCKS = YES;
				GCC_WARN_64_TO_32_BIT_CONVERSION = YES;
				GCC_WARN_ABOUT_RETURN_TYPE = YES_ERROR;
				GCC_WARN_UNDECLARED_SELECTOR = YES;
				GCC_WARN_UNINITIALIZED_AUTOS = YES_AGGRESSIVE;
				GCC_WARN_UNUSED_FUNCTION = YES;
				GCC_WARN_UNUSED_VARIABLE = YES;
				IPHONEOS_DEPLOYMENT_TARGET = 12.2;
				MTL_ENABLE_DEBUG_INFO = NO;
				MTL_FAST_MATH = YES;
				SDKROOT = iphoneos;
				SWIFT_COMPILATION_MODE = wholemodule;
				SWIFT_OPTIMIZATION_LEVEL = "-O";
				VALIDATE_PRODUCT = YES;
			};
			name = Release;
		};
		3AA8B23B22C141E4004929CC /* Debug */ = {
			isa = XCBuildConfiguration;
			baseConfigurationReference = 8DE2042747F5A755A6A97540 /* Pods-Exchanger.debug.xcconfig */;
			buildSettings = {
				ASSETCATALOG_COMPILER_APPICON_NAME = AppIcon;
				CODE_SIGN_STYLE = Automatic;
				DEVELOPMENT_TEAM = 9TMUGE6YQ3;
				INFOPLIST_FILE = "$(SRCROOT)/Exchanger/Supporting files/Info.plist";
				IPHONEOS_DEPLOYMENT_TARGET = 10.0;
				LD_RUNPATH_SEARCH_PATHS = (
					"$(inherited)",
					"@executable_path/Frameworks",
				);
				PRODUCT_BUNDLE_IDENTIFIER = agency.yad.Exchanger;
				PRODUCT_NAME = "$(TARGET_NAME)";
				SWIFT_VERSION = 5.0;
				TARGETED_DEVICE_FAMILY = "1,2";
			};
			name = Debug;
		};
		3AA8B23C22C141E4004929CC /* Release */ = {
			isa = XCBuildConfiguration;
			baseConfigurationReference = BF53F4CD52D33510ADB6B500 /* Pods-Exchanger.release.xcconfig */;
			buildSettings = {
				ASSETCATALOG_COMPILER_APPICON_NAME = AppIcon;
				CODE_SIGN_STYLE = Automatic;
				DEVELOPMENT_TEAM = 9TMUGE6YQ3;
				INFOPLIST_FILE = "$(SRCROOT)/Exchanger/Supporting files/Info.plist";
				IPHONEOS_DEPLOYMENT_TARGET = 10.0;
				LD_RUNPATH_SEARCH_PATHS = (
					"$(inherited)",
					"@executable_path/Frameworks",
				);
				PRODUCT_BUNDLE_IDENTIFIER = agency.yad.Exchanger;
				PRODUCT_NAME = "$(TARGET_NAME)";
				SWIFT_VERSION = 5.0;
				TARGETED_DEVICE_FAMILY = "1,2";
			};
			name = Release;
		};
/* End XCBuildConfiguration section */

/* Begin XCConfigurationList section */
		3AA8B22322C141E2004929CC /* Build configuration list for PBXProject "Exchanger" */ = {
			isa = XCConfigurationList;
			buildConfigurations = (
				3AA8B23822C141E4004929CC /* Debug */,
				3AA8B23922C141E4004929CC /* Release */,
			);
			defaultConfigurationIsVisible = 0;
			defaultConfigurationName = Release;
		};
		3AA8B23A22C141E4004929CC /* Build configuration list for PBXNativeTarget "Exchanger" */ = {
			isa = XCConfigurationList;
			buildConfigurations = (
				3AA8B23B22C141E4004929CC /* Debug */,
				3AA8B23C22C141E4004929CC /* Release */,
			);
			defaultConfigurationIsVisible = 0;
			defaultConfigurationName = Release;
		};
/* End XCConfigurationList section */
	};
	rootObject = 3AA8B22022C141E2004929CC /* Project object */;
}
